
Microsoft Visual Studio Solution File, Format Version 12.00
# Visual Studio Version 17
VisualStudioVersion = 17.5.33424.131
MinimumVisualStudioVersion = 10.0.40219.1
Project("{FAE04EC0-301F-11D3-BF4B-00C04F79EFBC}") = "AtividadeHerança", "AtividadeHerança\AtividadeHerança.csproj", "{916E63E7-6716-4CDF-BCC0-105FE3C74EFC}"
EndProject
Global
	GlobalSection(SolutionConfigurationPlatforms) = preSolution
		Debug|Any CPU = Debug|Any CPU
		Release|Any CPU = Release|Any CPU
	EndGlobalSection
	GlobalSection(ProjectConfigurationPlatforms) = postSolution
		{916E63E7-6716-4CDF-BCC0-105FE3C74EFC}.Debug|Any CPU.ActiveCfg = Debug|Any CPU
		{916E63E7-6716-4CDF-BCC0-105FE3C74EFC}.Debug|Any CPU.Build.0 = Debug|Any CPU
		{916E63E7-6716-4CDF-BCC0-105FE3C74EFC}.Release|Any CPU.ActiveCfg = Release|Any CPU
		{916E63E7-6716-4CDF-BCC0-105FE3C74EFC}.Release|Any CPU.Build.0 = Release|Any CPU
	EndGlobalSection
	GlobalSection(SolutionProperties) = preSolution
		HideSolutionNode = FALSE
	EndGlobalSection
	GlobalSection(ExtensibilityGlobals) = postSolution
		SolutionGuid = {EDE26576-94D6-4F7A-849C-6887F940D6E6}
	EndGlobalSection
EndGlobal
